// !$*UTF8*$!
{
	archiveVersion = 1;
	classes = {
	};
	objectVersion = 56;
	objects = {

/* Begin PBXBuildFile section */
		5E3863AB2B367BD300C48635 /* moloApp.swift in Sources */ = {isa = PBXBuildFile; fileRef = 5E3863AA2B367BD300C48635 /* moloApp.swift */; };
		5E3863AF2B367BD400C48635 /* Assets.xcassets in Resources */ = {isa = PBXBuildFile; fileRef = 5E3863AE2B367BD400C48635 /* Assets.xcassets */; };
		5E3863B22B367BD400C48635 /* Preview Assets.xcassets in Resources */ = {isa = PBXBuildFile; fileRef = 5E3863B12B367BD400C48635 /* Preview Assets.xcassets */; };
		5E3863BC2B367BD400C48635 /* moloTests.swift in Sources */ = {isa = PBXBuildFile; fileRef = 5E3863BB2B367BD400C48635 /* moloTests.swift */; };
		5E3863C62B367BD400C48635 /* moloUITests.swift in Sources */ = {isa = PBXBuildFile; fileRef = 5E3863C52B367BD400C48635 /* moloUITests.swift */; };
		5E3863C82B367BD400C48635 /* moloUITestsLaunchTests.swift in Sources */ = {isa = PBXBuildFile; fileRef = 5E3863C72B367BD400C48635 /* moloUITestsLaunchTests.swift */; };
		5E64344E2B36C4B000BE95B4 /* StockEditor.swift in Sources */ = {isa = PBXBuildFile; fileRef = 5E64344D2B36C4B000BE95B4 /* StockEditor.swift */; };
		5E6434532B36C4BE00BE95B4 /* StockModel.swift in Sources */ = {isa = PBXBuildFile; fileRef = 5E6434502B36C4BE00BE95B4 /* StockModel.swift */; };
		5E6434542B36C4BE00BE95B4 /* DataSource.swift in Sources */ = {isa = PBXBuildFile; fileRef = 5E6434512B36C4BE00BE95B4 /* DataSource.swift */; };
		5E6434552B36C4BE00BE95B4 /* StockExtension.swift in Sources */ = {isa = PBXBuildFile; fileRef = 5E6434522B36C4BE00BE95B4 /* StockExtension.swift */; };
		5E64345D2B36C4C800BE95B4 /* StockFormView.swift in Sources */ = {isa = PBXBuildFile; fileRef = 5E6434572B36C4C800BE95B4 /* StockFormView.swift */; };
		5E64345E2B36C4C800BE95B4 /* DecimalInputView.swift in Sources */ = {isa = PBXBuildFile; fileRef = 5E6434592B36C4C800BE95B4 /* DecimalInputView.swift */; };
		5E64345F2B36C4C800BE95B4 /* StockRowView.swift in Sources */ = {isa = PBXBuildFile; fileRef = 5E64345A2B36C4C800BE95B4 /* StockRowView.swift */; };
		5E6434602B36C4C800BE95B4 /* StockDetailView.swift in Sources */ = {isa = PBXBuildFile; fileRef = 5E64345B2B36C4C800BE95B4 /* StockDetailView.swift */; };
		5E6434612B36C4C800BE95B4 /* ContentView.swift in Sources */ = {isa = PBXBuildFile; fileRef = 5E64345C2B36C4C800BE95B4 /* ContentView.swift */; };
		5E6434642B36C4F000BE95B4 /* DataSourceTests.swift in Sources */ = {isa = PBXBuildFile; fileRef = 5E6434632B36C4F000BE95B4 /* DataSourceTests.swift */; };
/* End PBXBuildFile section */

/* Begin PBXContainerItemProxy section */
		5E3863B82B367BD400C48635 /* PBXContainerItemProxy */ = {
			isa = PBXContainerItemProxy;
			containerPortal = 5E38639F2B367BD300C48635 /* Project object */;
			proxyType = 1;
			remoteGlobalIDString = 5E3863A62B367BD300C48635;
			remoteInfo = molo;
		};
		5E3863C22B367BD400C48635 /* PBXContainerItemProxy */ = {
			isa = PBXContainerItemProxy;
			containerPortal = 5E38639F2B367BD300C48635 /* Project object */;
			proxyType = 1;
			remoteGlobalIDString = 5E3863A62B367BD300C48635;
			remoteInfo = molo;
		};
/* End PBXContainerItemProxy section */

/* Begin PBXFileReference section */
		5E3863A72B367BD300C48635 /* molo.app */ = {isa = PBXFileReference; explicitFileType = wrapper.application; includeInIndex = 0; path = molo.app; sourceTree = BUILT_PRODUCTS_DIR; };
		5E3863AA2B367BD300C48635 /* moloApp.swift */ = {isa = PBXFileReference; lastKnownFileType = sourcecode.swift; path = moloApp.swift; sourceTree = "<group>"; };
		5E3863AE2B367BD400C48635 /* Assets.xcassets */ = {isa = PBXFileReference; lastKnownFileType = folder.assetcatalog; path = Assets.xcassets; sourceTree = "<group>"; };
		5E3863B12B367BD400C48635 /* Preview Assets.xcassets */ = {isa = PBXFileReference; lastKnownFileType = folder.assetcatalog; path = "Preview Assets.xcassets"; sourceTree = "<group>"; };
		5E3863B72B367BD400C48635 /* moloTests.xctest */ = {isa = PBXFileReference; explicitFileType = wrapper.cfbundle; includeInIndex = 0; path = moloTests.xctest; sourceTree = BUILT_PRODUCTS_DIR; };
		5E3863BB2B367BD400C48635 /* moloTests.swift */ = {isa = PBXFileReference; lastKnownFileType = sourcecode.swift; path = moloTests.swift; sourceTree = "<group>"; };
		5E3863C12B367BD400C48635 /* moloUITests.xctest */ = {isa = PBXFileReference; explicitFileType = wrapper.cfbundle; includeInIndex = 0; path = moloUITests.xctest; sourceTree = BUILT_PRODUCTS_DIR; };
		5E3863C52B367BD400C48635 /* moloUITests.swift */ = {isa = PBXFileReference; lastKnownFileType = sourcecode.swift; path = moloUITests.swift; sourceTree = "<group>"; };
		5E3863C72B367BD400C48635 /* moloUITestsLaunchTests.swift */ = {isa = PBXFileReference; lastKnownFileType = sourcecode.swift; path = moloUITestsLaunchTests.swift; sourceTree = "<group>"; };
		5E64344D2B36C4B000BE95B4 /* StockEditor.swift */ = {isa = PBXFileReference; fileEncoding = 4; lastKnownFileType = sourcecode.swift; path = StockEditor.swift; sourceTree = "<group>"; };
		5E6434502B36C4BE00BE95B4 /* StockModel.swift */ = {isa = PBXFileReference; fileEncoding = 4; lastKnownFileType = sourcecode.swift; path = StockModel.swift; sourceTree = "<group>"; };
		5E6434512B36C4BE00BE95B4 /* DataSource.swift */ = {isa = PBXFileReference; fileEncoding = 4; lastKnownFileType = sourcecode.swift; path = DataSource.swift; sourceTree = "<group>"; };
		5E6434522B36C4BE00BE95B4 /* StockExtension.swift */ = {isa = PBXFileReference; fileEncoding = 4; lastKnownFileType = sourcecode.swift; path = StockExtension.swift; sourceTree = "<group>"; };
		5E6434572B36C4C800BE95B4 /* StockFormView.swift */ = {isa = PBXFileReference; fileEncoding = 4; lastKnownFileType = sourcecode.swift; path = StockFormView.swift; sourceTree = "<group>"; };
		5E6434592B36C4C800BE95B4 /* DecimalInputView.swift */ = {isa = PBXFileReference; fileEncoding = 4; lastKnownFileType = sourcecode.swift; path = DecimalInputView.swift; sourceTree = "<group>"; };
		5E64345A2B36C4C800BE95B4 /* StockRowView.swift */ = {isa = PBXFileReference; fileEncoding = 4; lastKnownFileType = sourcecode.swift; path = StockRowView.swift; sourceTree = "<group>"; };
		5E64345B2B36C4C800BE95B4 /* StockDetailView.swift */ = {isa = PBXFileReference; fileEncoding = 4; lastKnownFileType = sourcecode.swift; path = StockDetailView.swift; sourceTree = "<group>"; };
		5E64345C2B36C4C800BE95B4 /* ContentView.swift */ = {isa = PBXFileReference; fileEncoding = 4; lastKnownFileType = sourcecode.swift; path = ContentView.swift; sourceTree = "<group>"; };
		5E6434632B36C4F000BE95B4 /* DataSourceTests.swift */ = {isa = PBXFileReference; fileEncoding = 4; lastKnownFileType = sourcecode.swift; path = DataSourceTests.swift; sourceTree = "<group>"; };
/* End PBXFileReference section */

/* Begin PBXFrameworksBuildPhase section */
		5E3863A42B367BD300C48635 /* Frameworks */ = {
			isa = PBXFrameworksBuildPhase;
			buildActionMask = 2147483647;
			files = (
			);
			runOnlyForDeploymentPostprocessing = 0;
		};
		5E3863B42B367BD400C48635 /* Frameworks */ = {
			isa = PBXFrameworksBuildPhase;
			buildActionMask = 2147483647;
			files = (
			);
			runOnlyForDeploymentPostprocessing = 0;
		};
		5E3863BE2B367BD400C48635 /* Frameworks */ = {
			isa = PBXFrameworksBuildPhase;
			buildActionMask = 2147483647;
			files = (
			);
			runOnlyForDeploymentPostprocessing = 0;
		};
/* End PBXFrameworksBuildPhase section */

/* Begin PBXGroup section */
		5E38639E2B367BD300C48635 = {
			isa = PBXGroup;
			children = (
				5E3863A92B367BD300C48635 /* molo */,
				5E3863BA2B367BD400C48635 /* moloTests */,
				5E3863C42B367BD400C48635 /* moloUITests */,
				5E3863A82B367BD300C48635 /* Products */,
			);
			sourceTree = "<group>";
		};
		5E3863A82B367BD300C48635 /* Products */ = {
			isa = PBXGroup;
			children = (
				5E3863A72B367BD300C48635 /* molo.app */,
				5E3863B72B367BD400C48635 /* moloTests.xctest */,
				5E3863C12B367BD400C48635 /* moloUITests.xctest */,
			);
			name = Products;
			sourceTree = "<group>";
		};
		5E3863A92B367BD300C48635 /* molo */ = {
			isa = PBXGroup;
			children = (
				5E3863AA2B367BD300C48635 /* moloApp.swift */,
				5E6434562B36C4C800BE95B4 /* Views */,
				5E64344F2B36C4BE00BE95B4 /* Model */,
				5E64344C2B36C4B000BE95B4 /* Controller */,
				5E3863AE2B367BD400C48635 /* Assets.xcassets */,
				5E3863B02B367BD400C48635 /* Preview Content */,
			);
			path = molo;
			sourceTree = "<group>";
		};
		5E3863B02B367BD400C48635 /* Preview Content */ = {
			isa = PBXGroup;
			children = (
				5E3863B12B367BD400C48635 /* Preview Assets.xcassets */,
			);
			path = "Preview Content";
			sourceTree = "<group>";
		};
		5E3863BA2B367BD400C48635 /* moloTests */ = {
			isa = PBXGroup;
			children = (
				5E6434622B36C4F000BE95B4 /* Model */,
				5E3863BB2B367BD400C48635 /* moloTests.swift */,
			);
			path = moloTests;
			sourceTree = "<group>";
		};
		5E3863C42B367BD400C48635 /* moloUITests */ = {
			isa = PBXGroup;
			children = (
				5E3863C52B367BD400C48635 /* moloUITests.swift */,
				5E3863C72B367BD400C48635 /* moloUITestsLaunchTests.swift */,
			);
			path = moloUITests;
			sourceTree = "<group>";
		};
		5E64344C2B36C4B000BE95B4 /* Controller */ = {
			isa = PBXGroup;
			children = (
				5E64344D2B36C4B000BE95B4 /* StockEditor.swift */,
			);
			path = Controller;
			sourceTree = "<group>";
		};
		5E64344F2B36C4BE00BE95B4 /* Model */ = {
			isa = PBXGroup;
			children = (
				5E6434502B36C4BE00BE95B4 /* StockModel.swift */,
				5E6434512B36C4BE00BE95B4 /* DataSource.swift */,
				5E6434522B36C4BE00BE95B4 /* StockExtension.swift */,
			);
			path = Model;
			sourceTree = "<group>";
		};
		5E6434562B36C4C800BE95B4 /* Views */ = {
			isa = PBXGroup;
			children = (
				5E6434582B36C4C800BE95B4 /* HelperView */,
				5E6434572B36C4C800BE95B4 /* StockFormView.swift */,
				5E64345A2B36C4C800BE95B4 /* StockRowView.swift */,
				5E64345B2B36C4C800BE95B4 /* StockDetailView.swift */,
				5E64345C2B36C4C800BE95B4 /* ContentView.swift */,
			);
			path = Views;
			sourceTree = "<group>";
		};
		5E6434582B36C4C800BE95B4 /* HelperView */ = {
			isa = PBXGroup;
			children = (
				5E6434592B36C4C800BE95B4 /* DecimalInputView.swift */,
			);
			path = HelperView;
			sourceTree = "<group>";
		};
		5E6434622B36C4F000BE95B4 /* Model */ = {
			isa = PBXGroup;
			children = (
				5E6434632B36C4F000BE95B4 /* DataSourceTests.swift */,
			);
			path = Model;
			sourceTree = "<group>";
		};
/* End PBXGroup section */

/* Begin PBXNativeTarget section */
		5E3863A62B367BD300C48635 /* molo */ = {
			isa = PBXNativeTarget;
			buildConfigurationList = 5E3863CB2B367BD400C48635 /* Build configuration list for PBXNativeTarget "molo" */;
			buildPhases = (
				5E3863A32B367BD300C48635 /* Sources */,
				5E3863A42B367BD300C48635 /* Frameworks */,
				5E3863A52B367BD300C48635 /* Resources */,
			);
			buildRules = (
			);
			dependencies = (
			);
			name = molo;
			productName = molo;
			productReference = 5E3863A72B367BD300C48635 /* molo.app */;
			productType = "com.apple.product-type.application";
		};
		5E3863B62B367BD400C48635 /* moloTests */ = {
			isa = PBXNativeTarget;
			buildConfigurationList = 5E3863CE2B367BD400C48635 /* Build configuration list for PBXNativeTarget "moloTests" */;
			buildPhases = (
				5E3863B32B367BD400C48635 /* Sources */,
				5E3863B42B367BD400C48635 /* Frameworks */,
				5E3863B52B367BD400C48635 /* Resources */,
			);
			buildRules = (
			);
			dependencies = (
				5E3863B92B367BD400C48635 /* PBXTargetDependency */,
			);
			name = moloTests;
			productName = moloTests;
			productReference = 5E3863B72B367BD400C48635 /* moloTests.xctest */;
			productType = "com.apple.product-type.bundle.unit-test";
		};
		5E3863C02B367BD400C48635 /* moloUITests */ = {
			isa = PBXNativeTarget;
			buildConfigurationList = 5E3863D12B367BD400C48635 /* Build configuration list for PBXNativeTarget "moloUITests" */;
			buildPhases = (
				5E3863BD2B367BD400C48635 /* Sources */,
				5E3863BE2B367BD400C48635 /* Frameworks */,
				5E3863BF2B367BD400C48635 /* Resources */,
			);
			buildRules = (
			);
			dependencies = (
				5E3863C32B367BD400C48635 /* PBXTargetDependency */,
			);
			name = moloUITests;
			productName = moloUITests;
			productReference = 5E3863C12B367BD400C48635 /* moloUITests.xctest */;
			productType = "com.apple.product-type.bundle.ui-testing";
		};
/* End PBXNativeTarget section */

/* Begin PBXProject section */
		5E38639F2B367BD300C48635 /* Project object */ = {
			isa = PBXProject;
			attributes = {
				BuildIndependentTargetsInParallel = 1;
				LastSwiftUpdateCheck = 1510;
				LastUpgradeCheck = 1510;
				TargetAttributes = {
					5E3863A62B367BD300C48635 = {
						CreatedOnToolsVersion = 15.1;
					};
					5E3863B62B367BD400C48635 = {
						CreatedOnToolsVersion = 15.1;
						TestTargetID = 5E3863A62B367BD300C48635;
					};
					5E3863C02B367BD400C48635 = {
						CreatedOnToolsVersion = 15.1;
						TestTargetID = 5E3863A62B367BD300C48635;
					};
				};
			};
			buildConfigurationList = 5E3863A22B367BD300C48635 /* Build configuration list for PBXProject "molo" */;
			compatibilityVersion = "Xcode 14.0";
			developmentRegion = en;
			hasScannedForEncodings = 0;
			knownRegions = (
				en,
				Base,
			);
			mainGroup = 5E38639E2B367BD300C48635;
			productRefGroup = 5E3863A82B367BD300C48635 /* Products */;
			projectDirPath = "";
			projectRoot = "";
			targets = (
				5E3863A62B367BD300C48635 /* molo */,
				5E3863B62B367BD400C48635 /* moloTests */,
				5E3863C02B367BD400C48635 /* moloUITests */,
			);
		};
/* End PBXProject section */

/* Begin PBXResourcesBuildPhase section */
		5E3863A52B367BD300C48635 /* Resources */ = {
			isa = PBXResourcesBuildPhase;
			buildActionMask = 2147483647;
			files = (
				5E3863B22B367BD400C48635 /* Preview Assets.xcassets in Resources */,
				5E3863AF2B367BD400C48635 /* Assets.xcassets in Resources */,
			);
			runOnlyForDeploymentPostprocessing = 0;
		};
		5E3863B52B367BD400C48635 /* Resources */ = {
			isa = PBXResourcesBuildPhase;
			buildActionMask = 2147483647;
			files = (
			);
			runOnlyForDeploymentPostprocessing = 0;
		};
		5E3863BF2B367BD400C48635 /* Resources */ = {
			isa = PBXResourcesBuildPhase;
			buildActionMask = 2147483647;
			files = (
			);
			runOnlyForDeploymentPostprocessing = 0;
		};
/* End PBXResourcesBuildPhase section */

/* Begin PBXSourcesBuildPhase section */
		5E3863A32B367BD300C48635 /* Sources */ = {
			isa = PBXSourcesBuildPhase;
			buildActionMask = 2147483647;
			files = (
				5E3863AB2B367BD300C48635 /* moloApp.swift in Sources */,
				5E64344E2B36C4B000BE95B4 /* StockEditor.swift in Sources */,
				5E6434542B36C4BE00BE95B4 /* DataSource.swift in Sources */,
				5E6434552B36C4BE00BE95B4 /* StockExtension.swift in Sources */,
				5E64345F2B36C4C800BE95B4 /* StockRowView.swift in Sources */,
				5E64345E2B36C4C800BE95B4 /* DecimalInputView.swift in Sources */,
				5E6434612B36C4C800BE95B4 /* ContentView.swift in Sources */,
				5E6434532B36C4BE00BE95B4 /* StockModel.swift in Sources */,
				5E6434602B36C4C800BE95B4 /* StockDetailView.swift in Sources */,
				5E64345D2B36C4C800BE95B4 /* StockFormView.swift in Sources */,
			);
			runOnlyForDeploymentPostprocessing = 0;
		};
		5E3863B32B367BD400C48635 /* Sources */ = {
			isa = PBXSourcesBuildPhase;
			buildActionMask = 2147483647;
			files = (
				5E6434642B36C4F000BE95B4 /* DataSourceTests.swift in Sources */,
				5E3863BC2B367BD400C48635 /* moloTests.swift in Sources */,
			);
			runOnlyForDeploymentPostprocessing = 0;
		};
		5E3863BD2B367BD400C48635 /* Sources */ = {
			isa = PBXSourcesBuildPhase;
			buildActionMask = 2147483647;
			files = (
				5E3863C62B367BD400C48635 /* moloUITests.swift in Sources */,
				5E3863C82B367BD400C48635 /* moloUITestsLaunchTests.swift in Sources */,
			);
			runOnlyForDeploymentPostprocessing = 0;
		};
/* End PBXSourcesBuildPhase section */

/* Begin PBXTargetDependency section */
		5E3863B92B367BD400C48635 /* PBXTargetDependency */ = {
			isa = PBXTargetDependency;
			target = 5E3863A62B367BD300C48635 /* molo */;
			targetProxy = 5E3863B82B367BD400C48635 /* PBXContainerItemProxy */;
		};
		5E3863C32B367BD400C48635 /* PBXTargetDependency */ = {
			isa = PBXTargetDependency;
			target = 5E3863A62B367BD300C48635 /* molo */;
			targetProxy = 5E3863C22B367BD400C48635 /* PBXContainerItemProxy */;
		};
/* End PBXTargetDependency section */

/* Begin XCBuildConfiguration section */
		5E3863C92B367BD400C48635 /* Debug */ = {
			isa = XCBuildConfiguration;
			buildSettings = {
				ALWAYS_SEARCH_USER_PATHS = NO;
				ASSETCATALOG_COMPILER_GENERATE_SWIFT_ASSET_SYMBOL_EXTENSIONS = YES;
				CLANG_ANALYZER_NONNULL = YES;
				CLANG_ANALYZER_NUMBER_OBJECT_CONVERSION = YES_AGGRESSIVE;
				CLANG_CXX_LANGUAGE_STANDARD = "gnu++20";
				CLANG_ENABLE_MODULES = YES;
				CLANG_ENABLE_OBJC_ARC = YES;
				CLANG_ENABLE_OBJC_WEAK = YES;
				CLANG_WARN_BLOCK_CAPTURE_AUTORELEASING = YES;
				CLANG_WARN_BOOL_CONVERSION = YES;
				CLANG_WARN_COMMA = YES;
				CLANG_WARN_CONSTANT_CONVERSION = YES;
				CLANG_WARN_DEPRECATED_OBJC_IMPLEMENTATIONS = YES;
				CLANG_WARN_DIRECT_OBJC_ISA_USAGE = YES_ERROR;
				CLANG_WARN_DOCUMENTATION_COMMENTS = YES;
				CLANG_WARN_EMPTY_BODY = YES;
				CLANG_WARN_ENUM_CONVERSION = YES;
				CLANG_WARN_INFINITE_RECURSION = YES;
				CLANG_WARN_INT_CONVERSION = YES;
				CLANG_WARN_NON_LITERAL_NULL_CONVERSION = YES;
				CLANG_WARN_OBJC_IMPLICIT_RETAIN_SELF = YES;
				CLANG_WARN_OBJC_LITERAL_CONVERSION = YES;
				CLANG_WARN_OBJC_ROOT_CLASS = YES_ERROR;
				CLANG_WARN_QUOTED_INCLUDE_IN_FRAMEWORK_HEADER = YES;
				CLANG_WARN_RANGE_LOOP_ANALYSIS = YES;
				CLANG_WARN_STRICT_PROTOTYPES = YES;
				CLANG_WARN_SUSPICIOUS_MOVE = YES;
				CLANG_WARN_UNGUARDED_AVAILABILITY = YES_AGGRESSIVE;
				CLANG_WARN_UNREACHABLE_CODE = YES;
				CLANG_WARN__DUPLICATE_METHOD_MATCH = YES;
				COPY_PHASE_STRIP = NO;
				DEBUG_INFORMATION_FORMAT = dwarf;
				ENABLE_STRICT_OBJC_MSGSEND = YES;
				ENABLE_TESTABILITY = YES;
				ENABLE_USER_SCRIPT_SANDBOXING = YES;
				GCC_C_LANGUAGE_STANDARD = gnu17;
				GCC_DYNAMIC_NO_PIC = NO;
				GCC_NO_COMMON_BLOCKS = YES;
				GCC_OPTIMIZATION_LEVEL = 0;
				GCC_PREPROCESSOR_DEFINITIONS = (
					"DEBUG=1",
					"$(inherited)",
				);
				GCC_WARN_64_TO_32_BIT_CONVERSION = YES;
				GCC_WARN_ABOUT_RETURN_TYPE = YES_ERROR;
				GCC_WARN_UNDECLARED_SELECTOR = YES;
				GCC_WARN_UNINITIALIZED_AUTOS = YES_AGGRESSIVE;
				GCC_WARN_UNUSED_FUNCTION = YES;
				GCC_WARN_UNUSED_VARIABLE = YES;
				IPHONEOS_DEPLOYMENT_TARGET = 17.2;
				LOCALIZATION_PREFERS_STRING_CATALOGS = YES;
				MTL_ENABLE_DEBUG_INFO = INCLUDE_SOURCE;
				MTL_FAST_MATH = YES;
				ONLY_ACTIVE_ARCH = YES;
				SDKROOT = iphoneos;
				SWIFT_ACTIVE_COMPILATION_CONDITIONS = "DEBUG $(inherited)";
				SWIFT_OPTIMIZATION_LEVEL = "-Onone";
			};
			name = Debug;
		};
		5E3863CA2B367BD400C48635 /* Release */ = {
			isa = XCBuildConfiguration;
			buildSettings = {
				ALWAYS_SEARCH_USER_PATHS = NO;
				ASSETCATALOG_COMPILER_GENERATE_SWIFT_ASSET_SYMBOL_EXTENSIONS = YES;
				CLANG_ANALYZER_NONNULL = YES;
				CLANG_ANALYZER_NUMBER_OBJECT_CONVERSION = YES_AGGRESSIVE;
				CLANG_CXX_LANGUAGE_STANDARD = "gnu++20";
				CLANG_ENABLE_MODULES = YES;
				CLANG_ENABLE_OBJC_ARC = YES;
				CLANG_ENABLE_OBJC_WEAK = YES;
				CLANG_WARN_BLOCK_CAPTURE_AUTORELEASING = YES;
				CLANG_WARN_BOOL_CONVERSION = YES;
				CLANG_WARN_COMMA = YES;
				CLANG_WARN_CONSTANT_CONVERSION = YES;
				CLANG_WARN_DEPRECATED_OBJC_IMPLEMENTATIONS = YES;
				CLANG_WARN_DIRECT_OBJC_ISA_USAGE = YES_ERROR;
				CLANG_WARN_DOCUMENTATION_COMMENTS = YES;
				CLANG_WARN_EMPTY_BODY = YES;
				CLANG_WARN_ENUM_CONVERSION = YES;
				CLANG_WARN_INFINITE_RECURSION = YES;
				CLANG_WARN_INT_CONVERSION = YES;
				CLANG_WARN_NON_LITERAL_NULL_CONVERSION = YES;
				CLANG_WARN_OBJC_IMPLICIT_RETAIN_SELF = YES;
				CLANG_WARN_OBJC_LITERAL_CONVERSION = YES;
				CLANG_WARN_OBJC_ROOT_CLASS = YES_ERROR;
				CLANG_WARN_QUOTED_INCLUDE_IN_FRAMEWORK_HEADER = YES;
				CLANG_WARN_RANGE_LOOP_ANALYSIS = YES;
				CLANG_WARN_STRICT_PROTOTYPES = YES;
				CLANG_WARN_SUSPICIOUS_MOVE = YES;
				CLANG_WARN_UNGUARDED_AVAILABILITY = YES_AGGRESSIVE;
				CLANG_WARN_UNREACHABLE_CODE = YES;
				CLANG_WARN__DUPLICATE_METHOD_MATCH = YES;
				COPY_PHASE_STRIP = NO;
				DEBUG_INFORMATION_FORMAT = "dwarf-with-dsym";
				ENABLE_NS_ASSERTIONS = NO;
				ENABLE_STRICT_OBJC_MSGSEND = YES;
				ENABLE_USER_SCRIPT_SANDBOXING = YES;
				GCC_C_LANGUAGE_STANDARD = gnu17;
				GCC_NO_COMMON_BLOCKS = YES;
				GCC_WARN_64_TO_32_BIT_CONVERSION = YES;
				GCC_WARN_ABOUT_RETURN_TYPE = YES_ERROR;
				GCC_WARN_UNDECLARED_SELECTOR = YES;
				GCC_WARN_UNINITIALIZED_AUTOS = YES_AGGRESSIVE;
				GCC_WARN_UNUSED_FUNCTION = YES;
				GCC_WARN_UNUSED_VARIABLE = YES;
				IPHONEOS_DEPLOYMENT_TARGET = 17.2;
				LOCALIZATION_PREFERS_STRING_CATALOGS = YES;
				MTL_ENABLE_DEBUG_INFO = NO;
				MTL_FAST_MATH = YES;
				SDKROOT = iphoneos;
				SWIFT_COMPILATION_MODE = wholemodule;
				VALIDATE_PRODUCT = YES;
			};
			name = Release;
		};
		5E3863CC2B367BD400C48635 /* Debug */ = {
			isa = XCBuildConfiguration;
			buildSettings = {
				ASSETCATALOG_COMPILER_APPICON_NAME = AppIcon;
				ASSETCATALOG_COMPILER_GLOBAL_ACCENT_COLOR_NAME = AccentColor;
				CODE_SIGN_STYLE = Automatic;
				CURRENT_PROJECT_VERSION = 1;
				DEVELOPMENT_ASSET_PATHS = "\"molo/Preview Content\"";
				ENABLE_PREVIEWS = YES;
				GENERATE_INFOPLIST_FILE = YES;
				INFOPLIST_KEY_UIApplicationSceneManifest_Generation = YES;
				INFOPLIST_KEY_UIApplicationSupportsIndirectInputEvents = YES;
				INFOPLIST_KEY_UILaunchScreen_Generation = YES;
				INFOPLIST_KEY_UISupportedInterfaceOrientations_iPad = "UIInterfaceOrientationPortrait UIInterfaceOrientationPortraitUpsideDown UIInterfaceOrientationLandscapeLeft UIInterfaceOrientationLandscapeRight";
				INFOPLIST_KEY_UISupportedInterfaceOrientations_iPhone = "UIInterfaceOrientationPortrait UIInterfaceOrientationLandscapeLeft UIInterfaceOrientationLandscapeRight";
				LD_RUNPATH_SEARCH_PATHS = (
					"$(inherited)",
					"@executable_path/Frameworks",
				);
				MARKETING_VERSION = 1.0;
				PRODUCT_BUNDLE_IDENTIFIER = gemini67.molo;
				PRODUCT_NAME = "$(TARGET_NAME)";
				SUPPORTED_PLATFORMS = "iphoneos iphonesimulator macosx";
				SUPPORTS_MACCATALYST = NO;
				SUPPORTS_MAC_DESIGNED_FOR_IPHONE_IPAD = NO;
				SWIFT_EMIT_LOC_STRINGS = YES;
				SWIFT_VERSION = 5.0;
				TARGETED_DEVICE_FAMILY = 1;
			};
			name = Debug;
		};
		5E3863CD2B367BD400C48635 /* Release */ = {
			isa = XCBuildConfiguration;
			buildSettings = {
				ASSETCATALOG_COMPILER_APPICON_NAME = AppIcon;
				ASSETCATALOG_COMPILER_GLOBAL_ACCENT_COLOR_NAME = AccentColor;
				CODE_SIGN_STYLE = Automatic;
				CURRENT_PROJECT_VERSION = 1;
				DEVELOPMENT_ASSET_PATHS = "\"molo/Preview Content\"";
				ENABLE_PREVIEWS = YES;
				GENERATE_INFOPLIST_FILE = YES;
				INFOPLIST_KEY_UIApplicationSceneManifest_Generation = YES;
				INFOPLIST_KEY_UIApplicationSupportsIndirectInputEvents = YES;
				INFOPLIST_KEY_UILaunchScreen_Generation = YES;
				INFOPLIST_KEY_UISupportedInterfaceOrientations_iPad = "UIInterfaceOrientationPortrait UIInterfaceOrientationPortraitUpsideDown UIInterfaceOrientationLandscapeLeft UIInterfaceOrientationLandscapeRight";
				INFOPLIST_KEY_UISupportedInterfaceOrientations_iPhone = "UIInterfaceOrientationPortrait UIInterfaceOrientationLandscapeLeft UIInterfaceOrientationLandscapeRight";
				LD_RUNPATH_SEARCH_PATHS = (
					"$(inherited)",
					"@executable_path/Frameworks",
				);
				MARKETING_VERSION = 1.0;
				PRODUCT_BUNDLE_IDENTIFIER = gemini67.molo;
				PRODUCT_NAME = "$(TARGET_NAME)";
				SUPPORTED_PLATFORMS = "iphoneos iphonesimulator macosx";
				SUPPORTS_MACCATALYST = NO;
				SUPPORTS_MAC_DESIGNED_FOR_IPHONE_IPAD = NO;
				SWIFT_EMIT_LOC_STRINGS = YES;
				SWIFT_VERSION = 5.0;
				TARGETED_DEVICE_FAMILY = 1;
			};
			name = Release;
		};
		5E3863CF2B367BD400C48635 /* Debug */ = {
			isa = XCBuildConfiguration;
			buildSettings = {
				ALWAYS_EMBED_SWIFT_STANDARD_LIBRARIES = YES;
				BUNDLE_LOADER = "$(TEST_HOST)";
				CODE_SIGN_STYLE = Automatic;
				CURRENT_PROJECT_VERSION = 1;
				GENERATE_INFOPLIST_FILE = YES;
				IPHONEOS_DEPLOYMENT_TARGET = 17.2;
				MARKETING_VERSION = 1.0;
				PRODUCT_BUNDLE_IDENTIFIER = gemini67.moloTests;
				PRODUCT_NAME = "$(TARGET_NAME)";
				SWIFT_EMIT_LOC_STRINGS = NO;
				SWIFT_VERSION = 5.0;
				TARGETED_DEVICE_FAMILY = "1,2";
				TEST_HOST = "$(BUILT_PRODUCTS_DIR)/molo.app/$(BUNDLE_EXECUTABLE_FOLDER_PATH)/molo";
			};
			name = Debug;
		};
		5E3863D02B367BD400C48635 /* Release */ = {
			isa = XCBuildConfiguration;
			buildSettings = {
				ALWAYS_EMBED_SWIFT_STANDARD_LIBRARIES = YES;
				BUNDLE_LOADER = "$(TEST_HOST)";
				CODE_SIGN_STYLE = Automatic;
				CURRENT_PROJECT_VERSION = 1;
				GENERATE_INFOPLIST_FILE = YES;
				IPHONEOS_DEPLOYMENT_TARGET = 17.2;
				MARKETING_VERSION = 1.0;
				PRODUCT_BUNDLE_IDENTIFIER = gemini67.moloTests;
				PRODUCT_NAME = "$(TARGET_NAME)";
				SWIFT_EMIT_LOC_STRINGS = NO;
				SWIFT_VERSION = 5.0;
				TARGETED_DEVICE_FAMILY = "1,2";
				TEST_HOST = "$(BUILT_PRODUCTS_DIR)/molo.app/$(BUNDLE_EXECUTABLE_FOLDER_PATH)/molo";
			};
			name = Release;
		};
		5E3863D22B367BD400C48635 /* Debug */ = {
			isa = XCBuildConfiguration;
			buildSettings = {
				ALWAYS_EMBED_SWIFT_STANDARD_LIBRARIES = YES;
				CODE_SIGN_STYLE = Automatic;
				CURRENT_PROJECT_VERSION = 1;
				GENERATE_INFOPLIST_FILE = YES;
				MARKETING_VERSION = 1.0;
				PRODUCT_BUNDLE_IDENTIFIER = gemini67.moloUITests;
				PRODUCT_NAME = "$(TARGET_NAME)";
				SWIFT_EMIT_LOC_STRINGS = NO;
				SWIFT_VERSION = 5.0;
				TARGETED_DEVICE_FAMILY = "1,2";
				TEST_TARGET_NAME = molo;
			};
			name = Debug;
		};
		5E3863D32B367BD400C48635 /* Release */ = {
			isa = XCBuildConfiguration;
			buildSettings = {
				ALWAYS_EMBED_SWIFT_STANDARD_LIBRARIES = YES;
				CODE_SIGN_STYLE = Automatic;
				CURRENT_PROJECT_VERSION = 1;
				GENERATE_INFOPLIST_FILE = YES;
				MARKETING_VERSION = 1.0;
				PRODUCT_BUNDLE_IDENTIFIER = gemini67.moloUITests;
				PRODUCT_NAME = "$(TARGET_NAME)";
				SWIFT_EMIT_LOC_STRINGS = NO;
				SWIFT_VERSION = 5.0;
				TARGETED_DEVICE_FAMILY = "1,2";
				TEST_TARGET_NAME = molo;
			};
			name = Release;
		};
/* End XCBuildConfiguration section */

/* Begin XCConfigurationList section */
		5E3863A22B367BD300C48635 /* Build configuration list for PBXProject "molo" */ = {
			isa = XCConfigurationList;
			buildConfigurations = (
				5E3863C92B367BD400C48635 /* Debug */,
				5E3863CA2B367BD400C48635 /* Release */,
			);
			defaultConfigurationIsVisible = 0;
			defaultConfigurationName = Release;
		};
		5E3863CB2B367BD400C48635 /* Build configuration list for PBXNativeTarget "molo" */ = {
			isa = XCConfigurationList;
			buildConfigurations = (
				5E3863CC2B367BD400C48635 /* Debug */,
				5E3863CD2B367BD400C48635 /* Release */,
			);
			defaultConfigurationIsVisible = 0;
			defaultConfigurationName = Release;
		};
		5E3863CE2B367BD400C48635 /* Build configuration list for PBXNativeTarget "moloTests" */ = {
			isa = XCConfigurationList;
			buildConfigurations = (
				5E3863CF2B367BD400C48635 /* Debug */,
				5E3863D02B367BD400C48635 /* Release */,
			);
			defaultConfigurationIsVisible = 0;
			defaultConfigurationName = Release;
		};
		5E3863D12B367BD400C48635 /* Build configuration list for PBXNativeTarget "moloUITests" */ = {
			isa = XCConfigurationList;
			buildConfigurations = (
				5E3863D22B367BD400C48635 /* Debug */,
				5E3863D32B367BD400C48635 /* Release */,
			);
			defaultConfigurationIsVisible = 0;
			defaultConfigurationName = Release;
		};
/* End XCConfigurationList section */
	};
	rootObject = 5E38639F2B367BD300C48635 /* Project object */;
}
